Microsoft Visual Studio Solution File, Format Version 9.00
Project("{8BC9CEB8-8B4A-11D0-8D11-00A0C91BC942}") = "HlrArxSample", "HlrArxSample.vcproj", "{0298F835-40D6-4BEF-BDC3-46864856B74C}"
EndProject
Global
	GlobalSection(SolutionConfiguration) = preSolution
		ConfigName.0 = Debug
		ConfigName.1 = Release
	EndGlobalSection
	GlobalSection(ProjectDependencies) = postSolution
	EndGlobalSection
	GlobalSection(ProjectConfiguration) = postSolution
		{0298F835-40D6-4BEF-BDC3-46864856B74C}.Debug.ActiveCfg = Debug|Win32
		{0298F835-40D6-4BEF-BDC3-46864856B74C}.Debug.Build.0 = Debug|Win32
		{0298F835-40D6-4BEF-BDC3-46864856B74C}.Release.ActiveCfg = Release|Win32
		{0298F835-40D6-4BEF-BDC3-46864856B74C}.Release.Build.0 = Release|Win32
	EndGlobalSection
	GlobalSection(ExtensibilityGlobals) = postSolution
	EndGlobalSection
	GlobalSection(ExtensibilityAddIns) = postSolution
	EndGlobalSection
EndGlobal
